// !$*UTF8*$!
{
	archiveVersion = 1;
	classes = {
	};
	objectVersion = 46;
	objects = {

/* Begin PBXBuildFile section */
		07C7699E099D1249E0C3C481 /* libPods.a in Frameworks */ = {isa = PBXBuildFile; fileRef = 8FB2592652102A46C74121E6 /* libPods.a */; };
		516019E31BE2CB700071A345 /* main.m in Sources */ = {isa = PBXBuildFile; fileRef = 516019E21BE2CB700071A345 /* main.m */; };
		516019E61BE2CB700071A345 /* AppDelegate.m in Sources */ = {isa = PBXBuildFile; fileRef = 516019E51BE2CB700071A345 /* AppDelegate.m */; };
		516019EC1BE2CB700071A345 /* AcronymSearchViewController.m in Sources */ = {isa = PBXBuildFile; fileRef = 516019EB1BE2CB700071A345 /* AcronymSearchViewController.m */; };
		516019F11BE2CB700071A345 /* Images.xcassets in Resources */ = {isa = PBXBuildFile; fileRef = 516019F01BE2CB700071A345 /* Images.xcassets */; };
		516019F41BE2CB700071A345 /* LaunchScreen.xib in Resources */ = {isa = PBXBuildFile; fileRef = 516019F21BE2CB700071A345 /* LaunchScreen.xib */; };
		51601A001BE2CB700071A345 /* MacysAcronymSearchTests.m in Sources */ = {isa = PBXBuildFile; fileRef = 516019FF1BE2CB700071A345 /* MacysAcronymSearchTests.m */; };
		51B3427E1BE3B7B200773049 /* AcronymMeanings.m in Sources */ = {isa = PBXBuildFile; fileRef = 51B3427D1BE3B7B200773049 /* AcronymMeanings.m */; };
		51B342811BE3C1DC00773049 /* AcronymMeaningCell.m in Sources */ = {isa = PBXBuildFile; fileRef = 51B342801BE3C1DC00773049 /* AcronymMeaningCell.m */; };
		51B342841BE3C5FD00773049 /* AcronymLongForm.m in Sources */ = {isa = PBXBuildFile; fileRef = 51B342831BE3C5FD00773049 /* AcronymLongForm.m */; };
		51E32B571BE3B215001DCCAC /* OBaseHttpService.m in Sources */ = {isa = PBXBuildFile; fileRef = 51E32B511BE3B215001DCCAC /* OBaseHttpService.m */; };
		51E32B591BE3B215001DCCAC /* AcronymSearchService.m in Sources */ = {isa = PBXBuildFile; fileRef = 51E32B551BE3B215001DCCAC /* AcronymSearchService.m */; };
		51E32B5E1BE3B289001DCCAC /* UnknownServiceResponseError.m in Sources */ = {isa = PBXBuildFile; fileRef = 51E32B5C1BE3B289001DCCAC /* UnknownServiceResponseError.m */; };
		51E32B611BE3B296001DCCAC /* NSString+MacysAdditions.m in Sources */ = {isa = PBXBuildFile; fileRef = 51E32B5F1BE3B296001DCCAC /* NSString+MacysAdditions.m */; };
		FD395FCA1BE442FE0061ADC6 /* Search.storyboard in Resources */ = {isa = PBXBuildFile; fileRef = FD395FC81BE442FE0061ADC6 /* Search.storyboard */; };
/* End PBXBuildFile section */

/* Begin PBXContainerItemProxy section */
		516019FA1BE2CB700071A345 /* PBXContainerItemProxy */ = {
			isa = PBXContainerItemProxy;
			containerPortal = 516019D51BE2CB700071A345 /* Project object */;
			proxyType = 1;
			remoteGlobalIDString = 516019DC1BE2CB700071A345;
			remoteInfo = MacysAcronymSearch;
		};
/* End PBXContainerItemProxy section */

/* Begin PBXFileReference section */
		516019DD1BE2CB700071A345 /* MacysAcronymSearch.app */ = {isa = PBXFileReference; explicitFileType = wrapper.application; includeInIndex = 0; path = MacysAcronymSearch.app; sourceTree = BUILT_PRODUCTS_DIR; };
		516019E11BE2CB700071A345 /* Info.plist */ = {isa = PBXFileReference; lastKnownFileType = text.plist.xml; path = Info.plist; sourceTree = "<group>"; };
		516019E21BE2CB700071A345 /* main.m */ = {isa = PBXFileReference; lastKnownFileType = sourcecode.c.objc; path = main.m; sourceTree = "<group>"; };
		516019E41BE2CB700071A345 /* AppDelegate.h */ = {isa = PBXFileReference; lastKnownFileType = sourcecode.c.h; path = AppDelegate.h; sourceTree = "<group>"; };
		516019E51BE2CB700071A345 /* AppDelegate.m */ = {isa = PBXFileReference; lastKnownFileType = sourcecode.c.objc; path = AppDelegate.m; sourceTree = "<group>"; };
		516019EA1BE2CB700071A345 /* AcronymSearchViewController.h */ = {isa = PBXFileReference; lastKnownFileType = sourcecode.c.h; path = AcronymSearchViewController.h; sourceTree = "<group>"; };
		516019EB1BE2CB700071A345 /* AcronymSearchViewController.m */ = {isa = PBXFileReference; lastKnownFileType = sourcecode.c.objc; path = AcronymSearchViewController.m; sourceTree = "<group>"; };
		516019F01BE2CB700071A345 /* Images.xcassets */ = {isa = PBXFileReference; lastKnownFileType = folder.assetcatalog; path = Images.xcassets; sourceTree = "<group>"; };
		516019F31BE2CB700071A345 /* Base */ = {isa = PBXFileReference; lastKnownFileType = file.xib; name = Base; path = Base.lproj/LaunchScreen.xib; sourceTree = "<group>"; };
		516019F91BE2CB700071A345 /* MacysAcronymSearchTests.xctest */ = {isa = PBXFileReference; explicitFileType = wrapper.cfbundle; includeInIndex = 0; path = MacysAcronymSearchTests.xctest; sourceTree = BUILT_PRODUCTS_DIR; };
		516019FE1BE2CB700071A345 /* Info.plist */ = {isa = PBXFileReference; lastKnownFileType = text.plist.xml; path = Info.plist; sourceTree = "<group>"; };
		516019FF1BE2CB700071A345 /* MacysAcronymSearchTests.m */ = {isa = PBXFileReference; lastKnownFileType = sourcecode.c.objc; path = MacysAcronymSearchTests.m; sourceTree = "<group>"; };
		51B3427C1BE3B7B200773049 /* AcronymMeanings.h */ = {isa = PBXFileReference; fileEncoding = 4; lastKnownFileType = sourcecode.c.h; name = AcronymMeanings.h; path = Models/AcronymMeanings.h; sourceTree = "<group>"; };
		51B3427D1BE3B7B200773049 /* AcronymMeanings.m */ = {isa = PBXFileReference; fileEncoding = 4; lastKnownFileType = sourcecode.c.objc; name = AcronymMeanings.m; path = Models/AcronymMeanings.m; sourceTree = "<group>"; };
		51B3427F1BE3C1DC00773049 /* AcronymMeaningCell.h */ = {isa = PBXFileReference; fileEncoding = 4; lastKnownFileType = sourcecode.c.h; name = AcronymMeaningCell.h; path = views/AcronymMeaningCell.h; sourceTree = "<group>"; };
		51B342801BE3C1DC00773049 /* AcronymMeaningCell.m */ = {isa = PBXFileReference; fileEncoding = 4; lastKnownFileType = sourcecode.c.objc; name = AcronymMeaningCell.m; path = views/AcronymMeaningCell.m; sourceTree = "<group>"; };
		51B342821BE3C5FD00773049 /* AcronymLongForm.h */ = {isa = PBXFileReference; fileEncoding = 4; lastKnownFileType = sourcecode.c.h; name = AcronymLongForm.h; path = Models/AcronymLongForm.h; sourceTree = "<group>"; };
		51B342831BE3C5FD00773049 /* AcronymLongForm.m */ = {isa = PBXFileReference; fileEncoding = 4; lastKnownFileType = sourcecode.c.objc; name = AcronymLongForm.m; path = Models/AcronymLongForm.m; sourceTree = "<group>"; };
		51E32B501BE3B20A001DCCAC /* Jsonizer.h */ = {isa = PBXFileReference; fileEncoding = 4; lastKnownFileType = sourcecode.c.h; name = Jsonizer.h; path = Protocols/Jsonizer.h; sourceTree = "<group>"; };
		51E32B511BE3B215001DCCAC /* OBaseHttpService.m */ = {isa = PBXFileReference; fileEncoding = 4; lastKnownFileType = sourcecode.c.objc; name = OBaseHttpService.m; path = Services/OBaseHttpService.m; sourceTree = "<group>"; };
		51E32B521BE3B215001DCCAC /* OBaseHttpService.h */ = {isa = PBXFileReference; fileEncoding = 4; lastKnownFileType = sourcecode.c.h; name = OBaseHttpService.h; path = Services/OBaseHttpService.h; sourceTree = "<group>"; };
		51E32B551BE3B215001DCCAC /* AcronymSearchService.m */ = {isa = PBXFileReference; fileEncoding = 4; lastKnownFileType = sourcecode.c.objc; name = AcronymSearchService.m; path = Services/AcronymSearchService.m; sourceTree = "<group>"; };
		51E32B561BE3B215001DCCAC /* AcronymSearchService.h */ = {isa = PBXFileReference; fileEncoding = 4; lastKnownFileType = sourcecode.c.h; name = AcronymSearchService.h; path = Services/AcronymSearchService.h; sourceTree = "<group>"; };
		51E32B5C1BE3B289001DCCAC /* UnknownServiceResponseError.m */ = {isa = PBXFileReference; fileEncoding = 4; lastKnownFileType = sourcecode.c.objc; name = UnknownServiceResponseError.m; path = Models/UnknownServiceResponseError.m; sourceTree = "<group>"; };
		51E32B5D1BE3B289001DCCAC /* UnknownServiceResponseError.h */ = {isa = PBXFileReference; fileEncoding = 4; lastKnownFileType = sourcecode.c.h; name = UnknownServiceResponseError.h; path = Models/UnknownServiceResponseError.h; sourceTree = "<group>"; };
		51E32B5F1BE3B296001DCCAC /* NSString+MacysAdditions.m */ = {isa = PBXFileReference; fileEncoding = 4; lastKnownFileType = sourcecode.c.objc; name = "NSString+MacysAdditions.m"; path = "Categories/NSString+MacysAdditions.m"; sourceTree = "<group>"; };
		51E32B601BE3B296001DCCAC /* NSString+MacysAdditions.h */ = {isa = PBXFileReference; fileEncoding = 4; lastKnownFileType = sourcecode.c.h; name = "NSString+MacysAdditions.h"; path = "Categories/NSString+MacysAdditions.h"; sourceTree = "<group>"; };
		67EC2D043A34AD9DD53562E4 /* Pods.debug.xcconfig */ = {isa = PBXFileReference; includeInIndex = 1; lastKnownFileType = text.xcconfig; name = Pods.debug.xcconfig; path = "Pods/Target Support Files/Pods/Pods.debug.xcconfig"; sourceTree = "<group>"; };
		8FB2592652102A46C74121E6 /* libPods.a */ = {isa = PBXFileReference; explicitFileType = archive.ar; includeInIndex = 0; path = libPods.a; sourceTree = BUILT_PRODUCTS_DIR; };
		E560ADA7F55B123AC16499B1 /* Pods.release.xcconfig */ = {isa = PBXFileReference; includeInIndex = 1; lastKnownFileType = text.xcconfig; name = Pods.release.xcconfig; path = "Pods/Target Support Files/Pods/Pods.release.xcconfig"; sourceTree = "<group>"; };
		FD395FC91BE442FE0061ADC6 /* Base */ = {isa = PBXFileReference; lastKnownFileType = file.storyboard; name = Base; path = Base.lproj/Search.storyboard; sourceTree = "<group>"; };
/* End PBXFileReference section */

/* Begin PBXFrameworksBuildPhase section */
		516019DA1BE2CB700071A345 /* Frameworks */ = {
			isa = PBXFrameworksBuildPhase;
			buildActionMask = 2147483647;
			files = (
				07C7699E099D1249E0C3C481 /* libPods.a in Frameworks */,
			);
			runOnlyForDeploymentPostprocessing = 0;
		};
		516019F61BE2CB700071A345 /* Frameworks */ = {
			isa = PBXFrameworksBuildPhase;
			buildActionMask = 2147483647;
			files = (
			);
			runOnlyForDeploymentPostprocessing = 0;
		};
/* End PBXFrameworksBuildPhase section */

/* Begin PBXGroup section */
		516019D41BE2CB700071A345 = {
			isa = PBXGroup;
			children = (
				516019DF1BE2CB700071A345 /* MacysAcronymSearch */,
				516019FC1BE2CB700071A345 /* MacysAcronymSearchTests */,
				516019DE1BE2CB700071A345 /* Products */,
				8EEA21BD4EDE99A2E1CF5B73 /* Pods */,
				57891F35B208C4D19B0AFE39 /* Frameworks */,
			);
			sourceTree = "<group>";
		};
		516019DE1BE2CB700071A345 /* Products */ = {
			isa = PBXGroup;
			children = (
				516019DD1BE2CB700071A345 /* MacysAcronymSearch.app */,
				516019F91BE2CB700071A345 /* MacysAcronymSearchTests.xctest */,
			);
			name = Products;
			sourceTree = "<group>";
		};
		516019DF1BE2CB700071A345 /* MacysAcronymSearch */ = {
			isa = PBXGroup;
			children = (
				51E32B631BE3B2A1001DCCAC /* Categories */,
				51E32B621BE3B29B001DCCAC /* Models */,
				51E32B5A1BE3B21B001DCCAC /* Services */,
				51E32B5B1BE3B225001DCCAC /* Protocols */,
				516019E41BE2CB700071A345 /* AppDelegate.h */,
				516019E51BE2CB700071A345 /* AppDelegate.m */,
				516019EA1BE2CB700071A345 /* AcronymSearchViewController.h */,
				516019EB1BE2CB700071A345 /* AcronymSearchViewController.m */,
				51B3427B1BE3B6E900773049 /* Views */,
				516019F01BE2CB700071A345 /* Images.xcassets */,
				516019F21BE2CB700071A345 /* LaunchScreen.xib */,
				516019E01BE2CB700071A345 /* Supporting Files */,
			);
			path = MacysAcronymSearch;
			sourceTree = "<group>";
		};
		516019E01BE2CB700071A345 /* Supporting Files */ = {
			isa = PBXGroup;
			children = (
				516019E11BE2CB700071A345 /* Info.plist */,
				516019E21BE2CB700071A345 /* main.m */,
			);
			name = "Supporting Files";
			sourceTree = "<group>";
		};
		516019FC1BE2CB700071A345 /* MacysAcronymSearchTests */ = {
			isa = PBXGroup;
			children = (
				516019FF1BE2CB700071A345 /* MacysAcronymSearchTests.m */,
				516019FD1BE2CB700071A345 /* Supporting Files */,
			);
			path = MacysAcronymSearchTests;
			sourceTree = "<group>";
		};
		516019FD1BE2CB700071A345 /* Supporting Files */ = {
			isa = PBXGroup;
			children = (
				516019FE1BE2CB700071A345 /* Info.plist */,
			);
			name = "Supporting Files";
			sourceTree = "<group>";
		};
		51B3427B1BE3B6E900773049 /* Views */ = {
			isa = PBXGroup;
			children = (
				FD395FC81BE442FE0061ADC6 /* Search.storyboard */,
				51B3427F1BE3C1DC00773049 /* AcronymMeaningCell.h */,
				51B342801BE3C1DC00773049 /* AcronymMeaningCell.m */,
			);
			name = Views;
			sourceTree = "<group>";
		};
		51E32B5A1BE3B21B001DCCAC /* Services */ = {
			isa = PBXGroup;
			children = (
				51E32B511BE3B215001DCCAC /* OBaseHttpService.m */,
				51E32B521BE3B215001DCCAC /* OBaseHttpService.h */,
				51E32B551BE3B215001DCCAC /* AcronymSearchService.m */,
				51E32B561BE3B215001DCCAC /* AcronymSearchService.h */,
			);
			name = Services;
			sourceTree = "<group>";
		};
		51E32B5B1BE3B225001DCCAC /* Protocols */ = {
			isa = PBXGroup;
			children = (
				51E32B501BE3B20A001DCCAC /* Jsonizer.h */,
			);
			name = Protocols;
			sourceTree = "<group>";
		};
		51E32B621BE3B29B001DCCAC /* Models */ = {
			isa = PBXGroup;
			children = (
				51E32B5C1BE3B289001DCCAC /* UnknownServiceResponseError.m */,
				51E32B5D1BE3B289001DCCAC /* UnknownServiceResponseError.h */,
				51B3427C1BE3B7B200773049 /* AcronymMeanings.h */,
				51B3427D1BE3B7B200773049 /* AcronymMeanings.m */,
				51B342821BE3C5FD00773049 /* AcronymLongForm.h */,
				51B342831BE3C5FD00773049 /* AcronymLongForm.m */,
			);
			name = Models;
			sourceTree = "<group>";
		};
		51E32B631BE3B2A1001DCCAC /* Categories */ = {
			isa = PBXGroup;
			children = (
				51E32B5F1BE3B296001DCCAC /* NSString+MacysAdditions.m */,
				51E32B601BE3B296001DCCAC /* NSString+MacysAdditions.h */,
			);
			name = Categories;
			sourceTree = "<group>";
		};
		57891F35B208C4D19B0AFE39 /* Frameworks */ = {
			isa = PBXGroup;
			children = (
				8FB2592652102A46C74121E6 /* libPods.a */,
			);
			name = Frameworks;
			sourceTree = "<group>";
		};
		8EEA21BD4EDE99A2E1CF5B73 /* Pods */ = {
			isa = PBXGroup;
			children = (
				67EC2D043A34AD9DD53562E4 /* Pods.debug.xcconfig */,
				E560ADA7F55B123AC16499B1 /* Pods.release.xcconfig */,
			);
			name = Pods;
			sourceTree = "<group>";
		};
/* End PBXGroup section */

/* Begin PBXNativeTarget section */
		516019DC1BE2CB700071A345 /* MacysAcronymSearch */ = {
			isa = PBXNativeTarget;
			buildConfigurationList = 51601A031BE2CB700071A345 /* Build configuration list for PBXNativeTarget "MacysAcronymSearch" */;
			buildPhases = (
				8B257AD9C4803B65C7BBDA70 /* Check Pods Manifest.lock */,
				516019D91BE2CB700071A345 /* Sources */,
				516019DA1BE2CB700071A345 /* Frameworks */,
				516019DB1BE2CB700071A345 /* Resources */,
				7EF77C8234C9368CD73E70D5 /* Copy Pods Resources */,
			);
			buildRules = (
			);
			dependencies = (
			);
			name = MacysAcronymSearch;
			productName = MacysAcronymSearch;
			productReference = 516019DD1BE2CB700071A345 /* MacysAcronymSearch.app */;
			productType = "com.apple.product-type.application";
		};
		516019F81BE2CB700071A345 /* MacysAcronymSearchTests */ = {
			isa = PBXNativeTarget;
			buildConfigurationList = 51601A061BE2CB700071A345 /* Build configuration list for PBXNativeTarget "MacysAcronymSearchTests" */;
			buildPhases = (
				516019F51BE2CB700071A345 /* Sources */,
				516019F61BE2CB700071A345 /* Frameworks */,
				516019F71BE2CB700071A345 /* Resources */,
			);
			buildRules = (
			);
			dependencies = (
				516019FB1BE2CB700071A345 /* PBXTargetDependency */,
			);
			name = MacysAcronymSearchTests;
			productName = MacysAcronymSearchTests;
			productReference = 516019F91BE2CB700071A345 /* MacysAcronymSearchTests.xctest */;
			productType = "com.apple.product-type.bundle.unit-test";
		};
/* End PBXNativeTarget section */

/* Begin PBXProject section */
		516019D51BE2CB700071A345 /* Project object */ = {
			isa = PBXProject;
			attributes = {
				LastUpgradeCheck = 0600;
				ORGANIZATIONNAME = "Niyaz Ahmed";
				TargetAttributes = {
					516019DC1BE2CB700071A345 = {
						CreatedOnToolsVersion = 6.0.1;
					};
					516019F81BE2CB700071A345 = {
						CreatedOnToolsVersion = 6.0.1;
						TestTargetID = 516019DC1BE2CB700071A345;
					};
				};
			};
			buildConfigurationList = 516019D81BE2CB700071A345 /* Build configuration list for PBXProject "MacysAcronymSearch" */;
			compatibilityVersion = "Xcode 3.2";
			developmentRegion = English;
			hasScannedForEncodings = 0;
			knownRegions = (
				en,
				Base,
			);
			mainGroup = 516019D41BE2CB700071A345;
			productRefGroup = 516019DE1BE2CB700071A345 /* Products */;
			projectDirPath = "";
			projectRoot = "";
			targets = (
				516019DC1BE2CB700071A345 /* MacysAcronymSearch */,
				516019F81BE2CB700071A345 /* MacysAcronymSearchTests */,
			);
		};
/* End PBXProject section */

/* Begin PBXResourcesBuildPhase section */
		516019DB1BE2CB700071A345 /* Resources */ = {
			isa = PBXResourcesBuildPhase;
			buildActionMask = 2147483647;
			files = (
				516019F41BE2CB700071A345 /* LaunchScreen.xib in Resources */,
				FD395FCA1BE442FE0061ADC6 /* Search.storyboard in Resources */,
				516019F11BE2CB700071A345 /* Images.xcassets in Resources */,
			);
			runOnlyForDeploymentPostprocessing = 0;
		};
		516019F71BE2CB700071A345 /* Resources */ = {
			isa = PBXResourcesBuildPhase;
			buildActionMask = 2147483647;
			files = (
			);
			runOnlyForDeploymentPostprocessing = 0;
		};
/* End PBXResourcesBuildPhase section */

/* Begin PBXShellScriptBuildPhase section */
		7EF77C8234C9368CD73E70D5 /* Copy Pods Resources */ = {
			isa = PBXShellScriptBuildPhase;
			buildActionMask = 2147483647;
			files = (
			);
			inputPaths = (
			);
			name = "Copy Pods Resources";
			outputPaths = (
			);
			runOnlyForDeploymentPostprocessing = 0;
			shellPath = /bin/sh;
			shellScript = "\"${SRCROOT}/Pods/Target Support Files/Pods/Pods-resources.sh\"\n";
			showEnvVarsInLog = 0;
		};
		8B257AD9C4803B65C7BBDA70 /* Check Pods Manifest.lock */ = {
			isa = PBXShellScriptBuildPhase;
			buildActionMask = 2147483647;
			files = (
			);
			inputPaths = (
			);
			name = "Check Pods Manifest.lock";
			outputPaths = (
			);
			runOnlyForDeploymentPostprocessing = 0;
			shellPath = /bin/sh;
			shellScript = "diff \"${PODS_ROOT}/../Podfile.lock\" \"${PODS_ROOT}/Manifest.lock\" > /dev/null\nif [[ $? != 0 ]] ; then\n    cat << EOM\nerror: The sandbox is not in sync with the Podfile.lock. Run 'pod install' or update your CocoaPods installation.\nEOM\n    exit 1\nfi\n";
			showEnvVarsInLog = 0;
		};
/* End PBXShellScriptBuildPhase section */

/* Begin PBXSourcesBuildPhase section */
		516019D91BE2CB700071A345 /* Sources */ = {
			isa = PBXSourcesBuildPhase;
			buildActionMask = 2147483647;
			files = (
				516019E61BE2CB700071A345 /* AppDelegate.m in Sources */,
				51E32B611BE3B296001DCCAC /* NSString+MacysAdditions.m in Sources */,
				516019E31BE2CB700071A345 /* main.m in Sources */,
				51B3427E1BE3B7B200773049 /* AcronymMeanings.m in Sources */,
				51E32B5E1BE3B289001DCCAC /* UnknownServiceResponseError.m in Sources */,
				51B342811BE3C1DC00773049 /* AcronymMeaningCell.m in Sources */,
				51E32B591BE3B215001DCCAC /* AcronymSearchService.m in Sources */,
				516019EC1BE2CB700071A345 /* AcronymSearchViewController.m in Sources */,
				51B342841BE3C5FD00773049 /* AcronymLongForm.m in Sources */,
				51E32B571BE3B215001DCCAC /* OBaseHttpService.m in Sources */,
			);
			runOnlyForDeploymentPostprocessing = 0;
		};
		516019F51BE2CB700071A345 /* Sources */ = {
			isa = PBXSourcesBuildPhase;
			buildActionMask = 2147483647;
			files = (
				51601A001BE2CB700071A345 /* MacysAcronymSearchTests.m in Sources */,
			);
			runOnlyForDeploymentPostprocessing = 0;
		};
/* End PBXSourcesBuildPhase section */

/* Begin PBXTargetDependency section */
		516019FB1BE2CB700071A345 /* PBXTargetDependency */ = {
			isa = PBXTargetDependency;
			target = 516019DC1BE2CB700071A345 /* MacysAcronymSearch */;
			targetProxy = 516019FA1BE2CB700071A345 /* PBXContainerItemProxy */;
		};
/* End PBXTargetDependency section */

/* Begin PBXVariantGroup section */
		516019F21BE2CB700071A345 /* LaunchScreen.xib */ = {
			isa = PBXVariantGroup;
			children = (
				516019F31BE2CB700071A345 /* Base */,
			);
			name = LaunchScreen.xib;
			sourceTree = "<group>";
		};
		FD395FC81BE442FE0061ADC6 /* Search.storyboard */ = {
			isa = PBXVariantGroup;
			children = (
				FD395FC91BE442FE0061ADC6 /* Base */,
			);
			name = Search.storyboard;
			sourceTree = "<group>";
		};
/* End PBXVariantGroup section */

/* Begin XCBuildConfiguration section */
		51601A011BE2CB700071A345 /* Debug */ = {
			isa = XCBuildConfiguration;
			buildSettings = {
				ALWAYS_SEARCH_USER_PATHS = NO;
				CLANG_CXX_LANGUAGE_STANDARD = "gnu++0x";
				CLANG_CXX_LIBRARY = "libc++";
				CLANG_ENABLE_MODULES = YES;
				CLANG_ENABLE_OBJC_ARC = YES;
				CLANG_WARN_BOOL_CONVERSION = YES;
				CLANG_WARN_CONSTANT_CONVERSION = YES;
				CLANG_WARN_DIRECT_OBJC_ISA_USAGE = YES_ERROR;
				CLANG_WARN_EMPTY_BODY = YES;
				CLANG_WARN_ENUM_CONVERSION = YES;
				CLANG_WARN_INT_CONVERSION = YES;
				CLANG_WARN_OBJC_ROOT_CLASS = YES_ERROR;
				CLANG_WARN_UNREACHABLE_CODE = YES;
				CLANG_WARN__DUPLICATE_METHOD_MATCH = YES;
				"CODE_SIGN_IDENTITY[sdk=iphoneos*]" = "iPhone Developer";
				COPY_PHASE_STRIP = NO;
				ENABLE_STRICT_OBJC_MSGSEND = YES;
				GCC_C_LANGUAGE_STANDARD = gnu99;
				GCC_DYNAMIC_NO_PIC = NO;
				GCC_OPTIMIZATION_LEVEL = 0;
				GCC_PREPROCESSOR_DEFINITIONS = (
					"DEBUG=1",
					"$(inherited)",
				);
				GCC_SYMBOLS_PRIVATE_EXTERN = NO;
				GCC_WARN_64_TO_32_BIT_CONVERSION = YES;
				GCC_WARN_ABOUT_RETURN_TYPE = YES_ERROR;
				GCC_WARN_UNDECLARED_SELECTOR = YES;
				GCC_WARN_UNINITIALIZED_AUTOS = YES_AGGRESSIVE;
				GCC_WARN_UNUSED_FUNCTION = YES;
				GCC_WARN_UNUSED_VARIABLE = YES;
				IPHONEOS_DEPLOYMENT_TARGET = 8.0;
				MTL_ENABLE_DEBUG_INFO = YES;
				ONLY_ACTIVE_ARCH = YES;
				SDKROOT = iphoneos;
				TARGETED_DEVICE_FAMILY = "1,2";
			};
			name = Debug;
		};
		51601A021BE2CB700071A345 /* Release */ = {
			isa = XCBuildConfiguration;
			buildSettings = {
				ALWAYS_SEARCH_USER_PATHS = NO;
				CLANG_CXX_LANGUAGE_STANDARD = "gnu++0x";
				CLANG_CXX_LIBRARY = "libc++";
				CLANG_ENABLE_MODULES = YES;
				CLANG_ENABLE_OBJC_ARC = YES;
				CLANG_WARN_BOOL_CONVERSION = YES;
				CLANG_WARN_CONSTANT_CONVERSION = YES;
				CLANG_WARN_DIRECT_OBJC_ISA_USAGE = YES_ERROR;
				CLANG_WARN_EMPTY_BODY = YES;
				CLANG_WARN_ENUM_CONVERSION = YES;
				CLANG_WARN_INT_CONVERSION = YES;
				CLANG_WARN_OBJC_ROOT_CLASS = YES_ERROR;
				CLANG_WARN_UNREACHABLE_CODE = YES;
				CLANG_WARN__DUPLICATE_METHOD_MATCH = YES;
				"CODE_SIGN_IDENTITY[sdk=iphoneos*]" = "iPhone Developer";
				COPY_PHASE_STRIP = YES;
				ENABLE_NS_ASSERTIONS = NO;
				ENABLE_STRICT_OBJC_MSGSEND = YES;
				GCC_C_LANGUAGE_STANDARD = gnu99;
				GCC_WARN_64_TO_32_BIT_CONVERSION = YES;
				GCC_WARN_ABOUT_RETURN_TYPE = YES_ERROR;
				GCC_WARN_UNDECLARED_SELECTOR = YES;
				GCC_WARN_UNINITIALIZED_AUTOS = YES_AGGRESSIVE;
				GCC_WARN_UNUSED_FUNCTION = YES;
				GCC_WARN_UNUSED_VARIABLE = YES;
				IPHONEOS_DEPLOYMENT_TARGET = 8.0;
				MTL_ENABLE_DEBUG_INFO = NO;
				SDKROOT = iphoneos;
				TARGETED_DEVICE_FAMILY = "1,2";
				VALIDATE_PRODUCT = YES;
			};
			name = Release;
		};
		51601A041BE2CB700071A345 /* Debug */ = {
			isa = XCBuildConfiguration;
			baseConfigurationReference = 67EC2D043A34AD9DD53562E4 /* Pods.debug.xcconfig */;
			buildSettings = {
				ASSETCATALOG_COMPILER_APPICON_NAME = AppIcon;
				INFOPLIST_FILE = MacysAcronymSearch/Info.plist;
				LD_RUNPATH_SEARCH_PATHS = "$(inherited) @executable_path/Frameworks";
				PRODUCT_NAME = "$(TARGET_NAME)";
			};
			name = Debug;
		};
		51601A051BE2CB700071A345 /* Release */ = {
			isa = XCBuildConfiguration;
			baseConfigurationReference = E560ADA7F55B123AC16499B1 /* Pods.release.xcconfig */;
			buildSettings = {
				ASSETCATALOG_COMPILER_APPICON_NAME = AppIcon;
				INFOPLIST_FILE = MacysAcronymSearch/Info.plist;
				LD_RUNPATH_SEARCH_PATHS = "$(inherited) @executable_path/Frameworks";
				PRODUCT_NAME = "$(TARGET_NAME)";
			};
			name = Release;
		};
		51601A071BE2CB700071A345 /* Debug */ = {
			isa = XCBuildConfiguration;
			buildSettings = {
				BUNDLE_LOADER = "$(TEST_HOST)";
				FRAMEWORK_SEARCH_PATHS = (
					"$(SDKROOT)/Developer/Library/Frameworks",
					"$(inherited)",
				);
				GCC_PREPROCESSOR_DEFINITIONS = (
					"DEBUG=1",
					"$(inherited)",
				);
				INFOPLIST_FILE = MacysAcronymSearchTests/Info.plist;
				LD_RUNPATH_SEARCH_PATHS = "$(inherited) @executable_path/Frameworks @loader_path/Frameworks";
				PRODUCT_NAME = "$(TARGET_NAME)";
				TEST_HOST = "$(BUILT_PRODUCTS_DIR)/MacysAcronymSearch.app/MacysAcronymSearch";
			};
			name = Debug;
		};
		51601A081BE2CB700071A345 /* Release */ = {
			isa = XCBuildConfiguration;
			buildSettings = {
				BUNDLE_LOADER = "$(TEST_HOST)";
				FRAMEWORK_SEARCH_PATHS = (
					"$(SDKROOT)/Developer/Library/Frameworks",
					"$(inherited)",
				);
				INFOPLIST_FILE = MacysAcronymSearchTests/Info.plist;
				LD_RUNPATH_SEARCH_PATHS = "$(inherited) @executable_path/Frameworks @loader_path/Frameworks";
				PRODUCT_NAME = "$(TARGET_NAME)";
				TEST_HOST = "$(BUILT_PRODUCTS_DIR)/MacysAcronymSearch.app/MacysAcronymSearch";
			};
			name = Release;
		};
/* End XCBuildConfiguration section */

/* Begin XCConfigurationList section */
		516019D81BE2CB700071A345 /* Build configuration list for PBXProject "MacysAcronymSearch" */ = {
			isa = XCConfigurationList;
			buildConfigurations = (
				51601A011BE2CB700071A345 /* Debug */,
				51601A021BE2CB700071A345 /* Release */,
			);
			defaultConfigurationIsVisible = 0;
			defaultConfigurationName = Release;
		};
		51601A031BE2CB700071A345 /* Build configuration list for PBXNativeTarget "MacysAcronymSearch" */ = {
			isa = XCConfigurationList;
			buildConfigurations = (
				51601A041BE2CB700071A345 /* Debug */,
				51601A051BE2CB700071A345 /* Release */,
			);
			defaultConfigurationIsVisible = 0;
			defaultConfigurationName = Release;
		};
		51601A061BE2CB700071A345 /* Build configuration list for PBXNativeTarget "MacysAcronymSearchTests" */ = {
			isa = XCConfigurationList;
			buildConfigurations = (
				51601A071BE2CB700071A345 /* Debug */,
				51601A081BE2CB700071A345 /* Release */,
			);
			defaultConfigurationIsVisible = 0;
			defaultConfigurationName = Release;
		};
/* End XCConfigurationList section */
	};
	rootObject = 516019D51BE2CB700071A345 /* Project object */;
}
